
Microsoft Visual Studio Solution File, Format Version 12.00
# Visual Studio Version 17
VisualStudioVersion = 17.8.34309.116
MinimumVisualStudioVersion = 10.0.40219.1
Project("{8BC9CEB8-8B4A-11D0-8D11-00A0C91BC942}") = "4.2", "4.2\4.2.vcxproj", "{BF566212-CEAE-4B76-AFF0-8FEFFE70B384}"
EndProject
Global
	GlobalSection(SolutionConfigurationPlatforms) = preSolution
		Debug|x64 = Debug|x64
		Debug|x86 = Debug|x86
		Release|x64 = Release|x64
		Release|x86 = Release|x86
	EndGlobalSection
	GlobalSection(ProjectConfigurationPlatforms) = postSolution
		{BF566212-CEAE-4B76-AFF0-8FEFFE70B384}.Debug|x64.ActiveCfg = Debug|x64
		{BF566212-CEAE-4B76-AFF0-8FEFFE70B384}.Debug|x64.Build.0 = Debug|x64
		{BF566212-CEAE-4B76-AFF0-8FEFFE70B384}.Debug|x86.ActiveCfg = Debug|Win32
		{BF566212-CEAE-4B76-AFF0-8FEFFE70B384}.Debug|x86.Build.0 = Debug|Win32
		{BF566212-CEAE-4B76-AFF0-8FEFFE70B384}.Release|x64.ActiveCfg = Release|x64
		{BF566212-CEAE-4B76-AFF0-8FEFFE70B384}.Release|x64.Build.0 = Release|x64
		{BF566212-CEAE-4B76-AFF0-8FEFFE70B384}.Release|x86.ActiveCfg = Release|Win32
		{BF566212-CEAE-4B76-AFF0-8FEFFE70B384}.Release|x86.Build.0 = Release|Win32
	EndGlobalSection
	GlobalSection(SolutionProperties) = preSolution
		HideSolutionNode = FALSE
	EndGlobalSection
	GlobalSection(ExtensibilityGlobals) = postSolution
		SolutionGuid = {BAA010CF-3B2C-4DBC-85E6-A3497559A325}
	EndGlobalSection
EndGlobal
